{
  "name": "roloslider",
  "version": "0.0.1",
  "lockfileVersion": 1,
  "requires": true,
  "dependencies": {
    "batch-cluster": {
      "version": "3.2.0",
      "resolved": "https://registry.npmjs.org/batch-cluster/-/batch-cluster-3.2.0.tgz",
      "integrity": "sha512-P/T0gNd0Vh1KxZ0hyMD8qtj6gv7r+r6LMsIiBN9ruE5ZXnnVZGzulmyVePDVxO2wUgzvsMFPXSrXtw+3EayskA=="
    },
    "exiftool-vendored": {
      "version": "5.1.0",
      "resolved": "https://registry.npmjs.org/exiftool-vendored/-/exiftool-vendored-5.1.0.tgz",
      "integrity": "sha512-woA2shPDZ8oGWcmziZxcT0FoHCtkOpzAsvxOyYZtDjaLllQ3jWykggw2Bp1V33IyqGKIBkLCZWaJbPn3DUCfFw==",
      "requires": {
        "batch-cluster": "^3.2.0",
        "exiftool-vendored.exe": "11.02.0",
        "exiftool-vendored.pl": "11.02.0"
      }
    },
    "exiftool-vendored.exe": {
      "version": "11.2.0",
      "resolved": "https://registry.npmjs.org/exiftool-vendored.exe/-/exiftool-vendored.exe-11.2.0.tgz",
      "integrity": "sha512-3G2oczKGYaWGaUxQ09sRo9GeyDTVNJs976s/9Q885mrPTQvUGXnU4MP4E5IliV0qQEhhrZ4QaCNpkfsofpbK1Q==",
      "optional": true
    },
    "exiftool-vendored.pl": {
      "version": "11.2.0",
      "resolved": "https://registry.npmjs.org/exiftool-vendored.pl/-/exiftool-vendored.pl-11.2.0.tgz",
      "integrity": "sha512-r8PbSwIe6AqKyvC0AkdEzkJ33lCp9C+YX0e9psZEYwTX6bOFbFQP3/E06hoD4ymrVcbU6J/sn4je0qKwG3dSDw==",
      "optional": true
    }
  }
}
