{
  "name": "roloviewer",
  "version": "0.7.0",
  "lockfileVersion": 1,
  "requires": true,
  "dependencies": {
    "batch-cluster": {
      "version": "4.3.0",
      "resolved": "https://registry.npmjs.org/batch-cluster/-/batch-cluster-4.3.0.tgz",
      "integrity": "sha512-eRbJlTs2l93yQKq1bSwKhlKAbt+IZPJPkaPm5zZj0mFKx73i3knZJ0gZFe4gCMGTK8qIDXf6Cg2IaXMHFBJmFw=="
    },
    "exiftool-vendored": {
      "version": "6.3.0",
      "resolved": "https://registry.npmjs.org/exiftool-vendored/-/exiftool-vendored-6.3.0.tgz",
      "integrity": "sha512-tJqDDEig+CAwhznsd0wLYOXnGRyK79CJYafI7F7Qk9HTKI/bUQi35s5FmhHpHL28Ce4A0JT/VIU0pF0cZH5jsw==",
      "requires": {
        "batch-cluster": "^4.3.0",
        "exiftool-vendored.exe": "11.13.0",
        "exiftool-vendored.pl": "11.13.0"
      }
    },
    "exiftool-vendored.exe": {
      "version": "11.13.0",
      "resolved": "https://registry.npmjs.org/exiftool-vendored.exe/-/exiftool-vendored.exe-11.13.0.tgz",
      "integrity": "sha512-g0NBUNICaiOOCzhmg4ht/z2sZQENUp80ZF1aXQyAvhQzGSiT85KYi1N0HSeS1AjLnTfvBj1e8PCBnn6vy65xXg==",
      "optional": true
    },
    "exiftool-vendored.pl": {
      "version": "11.13.0",
      "resolved": "https://registry.npmjs.org/exiftool-vendored.pl/-/exiftool-vendored.pl-11.13.0.tgz",
      "integrity": "sha512-UgVWxZue7WXF7yhv6m0ycJz8PLv2t31OG+4Duv76XpGp2Dt4GkYKqNNVLsTzOuvvWvRbydcjcLzfKe6nHpM2dg==",
      "optional": true
    }
  }
}
